
Microsoft Visual Studio Solution File, Format Version 12.00
# Visual Studio 15
VisualStudioVersion = 15.0.27004.2006
MinimumVisualStudioVersion = 10.0.40219.1
Project("{F184B08F-C81C-45F6-A57F-5ABD9991F28F}") = "DoS Attack", "DoS Attack\DoS Attack.vbproj", "{73E83010-0358-4BB1-8401-3C6EFFFF06E1}"
EndProject
Global
	GlobalSection(SolutionConfigurationPlatforms) = preSolution
		Debug|Any CPU = Debug|Any CPU
		Release|Any CPU = Release|Any CPU
	EndGlobalSection
	GlobalSection(ProjectConfigurationPlatforms) = postSolution
		{73E83010-0358-4BB1-8401-3C6EFFFF06E1}.Debug|Any CPU.ActiveCfg = Debug|Any CPU
		{73E83010-0358-4BB1-8401-3C6EFFFF06E1}.Debug|Any CPU.Build.0 = Debug|Any CPU
		{73E83010-0358-4BB1-8401-3C6EFFFF06E1}.Release|Any CPU.ActiveCfg = Release|Any CPU
		{73E83010-0358-4BB1-8401-3C6EFFFF06E1}.Release|Any CPU.Build.0 = Release|Any CPU
	EndGlobalSection
	GlobalSection(SolutionProperties) = preSolution
		HideSolutionNode = FALSE
	EndGlobalSection
	GlobalSection(ExtensibilityGlobals) = postSolution
		SolutionGuid = {2769ACD0-CAB8-4974-A131-FFE2F841509D}
	EndGlobalSection
EndGlobal
